
Microsoft Visual Studio Solution File, Format Version 12.00
# Visual Studio Version 17
VisualStudioVersion = 17.5.33530.505
MinimumVisualStudioVersion = 10.0.40219.1
Project("{8BC9CEB8-8B4A-11D0-8D11-00A0C91BC942}") = "InventrySysytem", "InventrySysytem\InventrySysytem.vcxproj", "{38DA3C29-C5F4-4649-A81C-5646BFAE3DCD}"
EndProject
Project("{8BC9CEB8-8B4A-11D0-8D11-00A0C91BC942}") = "InventorySysytem-GUI", "InventorySysytem-GUI\InventorySysytem-GUI.vcxproj", "{91919F95-A686-45DE-8A0E-70220A4019DD}"
EndProject
Global
	GlobalSection(SolutionConfigurationPlatforms) = preSolution
		Debug|x64 = Debug|x64
		Debug|x86 = Debug|x86
		Release|x64 = Release|x64
		Release|x86 = Release|x86
	EndGlobalSection
	GlobalSection(ProjectConfigurationPlatforms) = postSolution
		{38DA3C29-C5F4-4649-A81C-5646BFAE3DCD}.Debug|x64.ActiveCfg = Debug|x64
		{38DA3C29-C5F4-4649-A81C-5646BFAE3DCD}.Debug|x64.Build.0 = Debug|x64
		{38DA3C29-C5F4-4649-A81C-5646BFAE3DCD}.Debug|x86.ActiveCfg = Debug|Win32
		{38DA3C29-C5F4-4649-A81C-5646BFAE3DCD}.Debug|x86.Build.0 = Debug|Win32
		{38DA3C29-C5F4-4649-A81C-5646BFAE3DCD}.Release|x64.ActiveCfg = Release|x64
		{38DA3C29-C5F4-4649-A81C-5646BFAE3DCD}.Release|x64.Build.0 = Release|x64
		{38DA3C29-C5F4-4649-A81C-5646BFAE3DCD}.Release|x86.ActiveCfg = Release|Win32
		{38DA3C29-C5F4-4649-A81C-5646BFAE3DCD}.Release|x86.Build.0 = Release|Win32
		{91919F95-A686-45DE-8A0E-70220A4019DD}.Debug|x64.ActiveCfg = Debug|x64
		{91919F95-A686-45DE-8A0E-70220A4019DD}.Debug|x64.Build.0 = Debug|x64
		{91919F95-A686-45DE-8A0E-70220A4019DD}.Debug|x86.ActiveCfg = Debug|x64
		{91919F95-A686-45DE-8A0E-70220A4019DD}.Debug|x86.Build.0 = Debug|x64
		{91919F95-A686-45DE-8A0E-70220A4019DD}.Release|x64.ActiveCfg = Release|x64
		{91919F95-A686-45DE-8A0E-70220A4019DD}.Release|x64.Build.0 = Release|x64
		{91919F95-A686-45DE-8A0E-70220A4019DD}.Release|x86.ActiveCfg = Release|x64
		{91919F95-A686-45DE-8A0E-70220A4019DD}.Release|x86.Build.0 = Release|x64
	EndGlobalSection
	GlobalSection(SolutionProperties) = preSolution
		HideSolutionNode = FALSE
	EndGlobalSection
	GlobalSection(ExtensibilityGlobals) = postSolution
		SolutionGuid = {04D4C9F7-1150-43BD-AEF1-283A415B558F}
	EndGlobalSection
EndGlobal
